{
  "pins" : [
    {
      "identity" : "custombuttonmovieticket",
      "kind" : "remoteSourceControl",
      "location" : "https://github.com/cengizhantomak/CustomButtonMovieTicket",
      "state" : {
        "branch" : "main",
        "revision" : "adfa131f87d697fe45a30db1250af9ffd4f1aa8f"
      }
    }
  ],
  "version" : 2
}
