{
  "pins" : [
    {
      "identity" : "custombuttonmovieticket",
      "kind" : "remoteSourceControl",
      "location" : "https://github.com/cengizhantomak/CustomButtonMovieTicket",
      "state" : {
        "branch" : "main",
        "revision" : "cfa34993b13a04d29e2c2f1fb666fdb422805f40"
      }
    }
  ],
  "version" : 2
}
