{
  "pins" : [
    {
      "identity" : "custombuttonmovieticket",
      "kind" : "remoteSourceControl",
      "location" : "https://github.com/cengizhantomak/CustomButtonMovieTicket",
      "state" : {
        "branch" : "main",
        "revision" : "30ce876624a1d6a4e3329b7cd1330bf90a890d97"
      }
    }
  ],
  "version" : 2
}
